
Microsoft Visual Studio Solution File, Format Version 12.00
# Visual Studio Version 16
VisualStudioVersion = 16.0.30128.74
MinimumVisualStudioVersion = 10.0.40219.1
Project("{8BC9CEB8-8B4A-11D0-8D11-00A0C91BC942}") = "Test", "Test.vcxproj", "{DB477E34-AD80-45C0-BB4A-F9617C458789}"
EndProject
Global
	GlobalSection(SolutionConfigurationPlatforms) = preSolution
		Debug|x86 = Debug|x86
		Release|x86 = Release|x86
	EndGlobalSection
	GlobalSection(ProjectConfigurationPlatforms) = postSolution
		{DB477E34-AD80-45C0-BB4A-F9617C458789}.Debug|x86.ActiveCfg = Debug|Win32
		{DB477E34-AD80-45C0-BB4A-F9617C458789}.Debug|x86.Build.0 = Debug|Win32
		{DB477E34-AD80-45C0-BB4A-F9617C458789}.Release|x86.ActiveCfg = Release|Win32
		{DB477E34-AD80-45C0-BB4A-F9617C458789}.Release|x86.Build.0 = Release|Win32
	EndGlobalSection
	GlobalSection(SolutionProperties) = preSolution
		HideSolutionNode = FALSE
	EndGlobalSection
	GlobalSection(ExtensibilityGlobals) = postSolution
		SolutionGuid = {532CFE95-E0EA-4DDD-AEA5-9E06DDAF1CE0}
	EndGlobalSection
EndGlobal
